
Microsoft Visual Studio Solution File, Format Version 12.00
# Visual Studio 15
VisualStudioVersion = 15.0.28010.2041
MinimumVisualStudioVersion = 10.0.40219.1
Project("{9A19103F-16F7-4668-BE54-9A1E7A4F7556}") = "Cumulocity.SDK.Client", "src\Cumulocity.SDK.Client\Cumulocity.SDK.Client.csproj", "{83FB41ED-0038-440A-B267-81961F3F4F3B}"
EndProject
Project("{9A19103F-16F7-4668-BE54-9A1E7A4F7556}") = "ConsoleApp1", "src\ConsoleApp1\ConsoleApp1.csproj", "{E0D9D19F-0800-4D8D-B063-2FA9928008DA}"
EndProject
Project("{2150E333-8FDC-42A3-9474-1A3956D46DE8}") = "src", "src", "{AF409482-6397-490D-90D1-F600BCC6609A}"
EndProject
Project("{2150E333-8FDC-42A3-9474-1A3956D46DE8}") = "test", "test", "{239B1328-BECA-4D5A-A5C0-5DB7C2C95770}"
EndProject
Project("{9A19103F-16F7-4668-BE54-9A1E7A4F7556}") = "Cumulocity.SDK.Client.IntegrationTest", "test\Cumulocity.SDK.Client.IntegrationTest\Cumulocity.SDK.Client.IntegrationTest.csproj", "{0C51E8A2-B8E3-4289-B60C-D4AF40727D48}"
EndProject
Project("{9A19103F-16F7-4668-BE54-9A1E7A4F7556}") = "Cumulocity.SDK.Client.UnitTest", "test\Cumulocity.SDK.Client.UnitTest\Cumulocity.SDK.Client.UnitTest.csproj", "{505A2AED-8E0B-4398-BE3C-C6D43A6A81D6}"
EndProject
Project("{9A19103F-16F7-4668-BE54-9A1E7A4F7556}") = "XUnitTestsExtensions", "test\TestsExtensions\XUnitTestsExtensions.csproj", "{57038569-7FFE-40C0-A628-90DB34908398}"
EndProject
Project("{9A19103F-16F7-4668-BE54-9A1E7A4F7556}") = "Cumulocity.SDK.Client.HelperTest", "test\Cumulocity.SDK.Client.HelperTest\Cumulocity.SDK.Client.HelperTest.csproj", "{81C53500-5A18-4DC9-B779-819689C95130}"
EndProject
Project("{9A19103F-16F7-4668-BE54-9A1E7A4F7556}") = "cometd.NetStandard", "src\cometd.NetStandard\cometd.NetStandard.csproj", "{FAABAE57-9DD7-4B84-9F1D-F11B302E7ABB}"
EndProject
Project("{FAE04EC0-301F-11D3-BF4B-00C04F79EFBC}") = "ExampleApp", "ExampleApp\ExampleApp.csproj", "{0ED35933-92BB-415B-8A8E-C9072C95B642}"
EndProject
Global
	GlobalSection(SolutionConfigurationPlatforms) = preSolution
		Debug|Any CPU = Debug|Any CPU
		Release|Any CPU = Release|Any CPU
	EndGlobalSection
	GlobalSection(ProjectConfigurationPlatforms) = postSolution
		{83FB41ED-0038-440A-B267-81961F3F4F3B}.Debug|Any CPU.ActiveCfg = Debug|Any CPU
		{83FB41ED-0038-440A-B267-81961F3F4F3B}.Debug|Any CPU.Build.0 = Debug|Any CPU
		{83FB41ED-0038-440A-B267-81961F3F4F3B}.Release|Any CPU.ActiveCfg = Release|Any CPU
		{83FB41ED-0038-440A-B267-81961F3F4F3B}.Release|Any CPU.Build.0 = Release|Any CPU
		{E0D9D19F-0800-4D8D-B063-2FA9928008DA}.Debug|Any CPU.ActiveCfg = Debug|Any CPU
		{E0D9D19F-0800-4D8D-B063-2FA9928008DA}.Debug|Any CPU.Build.0 = Debug|Any CPU
		{E0D9D19F-0800-4D8D-B063-2FA9928008DA}.Release|Any CPU.ActiveCfg = Release|Any CPU
		{E0D9D19F-0800-4D8D-B063-2FA9928008DA}.Release|Any CPU.Build.0 = Release|Any CPU
		{0C51E8A2-B8E3-4289-B60C-D4AF40727D48}.Debug|Any CPU.ActiveCfg = Debug|Any CPU
		{0C51E8A2-B8E3-4289-B60C-D4AF40727D48}.Debug|Any CPU.Build.0 = Debug|Any CPU
		{0C51E8A2-B8E3-4289-B60C-D4AF40727D48}.Release|Any CPU.ActiveCfg = Release|Any CPU
		{0C51E8A2-B8E3-4289-B60C-D4AF40727D48}.Release|Any CPU.Build.0 = Release|Any CPU
		{505A2AED-8E0B-4398-BE3C-C6D43A6A81D6}.Debug|Any CPU.ActiveCfg = Debug|Any CPU
		{505A2AED-8E0B-4398-BE3C-C6D43A6A81D6}.Debug|Any CPU.Build.0 = Debug|Any CPU
		{505A2AED-8E0B-4398-BE3C-C6D43A6A81D6}.Release|Any CPU.ActiveCfg = Release|Any CPU
		{505A2AED-8E0B-4398-BE3C-C6D43A6A81D6}.Release|Any CPU.Build.0 = Release|Any CPU
		{57038569-7FFE-40C0-A628-90DB34908398}.Debug|Any CPU.ActiveCfg = Debug|Any CPU
		{57038569-7FFE-40C0-A628-90DB34908398}.Debug|Any CPU.Build.0 = Debug|Any CPU
		{57038569-7FFE-40C0-A628-90DB34908398}.Release|Any CPU.ActiveCfg = Release|Any CPU
		{57038569-7FFE-40C0-A628-90DB34908398}.Release|Any CPU.Build.0 = Release|Any CPU
		{81C53500-5A18-4DC9-B779-819689C95130}.Debug|Any CPU.ActiveCfg = Debug|Any CPU
		{81C53500-5A18-4DC9-B779-819689C95130}.Debug|Any CPU.Build.0 = Debug|Any CPU
		{81C53500-5A18-4DC9-B779-819689C95130}.Release|Any CPU.ActiveCfg = Release|Any CPU
		{81C53500-5A18-4DC9-B779-819689C95130}.Release|Any CPU.Build.0 = Release|Any CPU
		{FAABAE57-9DD7-4B84-9F1D-F11B302E7ABB}.Debug|Any CPU.ActiveCfg = Debug|Any CPU
		{FAABAE57-9DD7-4B84-9F1D-F11B302E7ABB}.Debug|Any CPU.Build.0 = Debug|Any CPU
		{FAABAE57-9DD7-4B84-9F1D-F11B302E7ABB}.Release|Any CPU.ActiveCfg = Release|Any CPU
		{FAABAE57-9DD7-4B84-9F1D-F11B302E7ABB}.Release|Any CPU.Build.0 = Release|Any CPU
		{0ED35933-92BB-415B-8A8E-C9072C95B642}.Debug|Any CPU.ActiveCfg = Debug|Any CPU
		{0ED35933-92BB-415B-8A8E-C9072C95B642}.Debug|Any CPU.Build.0 = Debug|Any CPU
		{0ED35933-92BB-415B-8A8E-C9072C95B642}.Release|Any CPU.ActiveCfg = Release|Any CPU
		{0ED35933-92BB-415B-8A8E-C9072C95B642}.Release|Any CPU.Build.0 = Release|Any CPU
	EndGlobalSection
	GlobalSection(SolutionProperties) = preSolution
		HideSolutionNode = FALSE
	EndGlobalSection
	GlobalSection(NestedProjects) = preSolution
		{83FB41ED-0038-440A-B267-81961F3F4F3B} = {AF409482-6397-490D-90D1-F600BCC6609A}
		{E0D9D19F-0800-4D8D-B063-2FA9928008DA} = {AF409482-6397-490D-90D1-F600BCC6609A}
		{0C51E8A2-B8E3-4289-B60C-D4AF40727D48} = {239B1328-BECA-4D5A-A5C0-5DB7C2C95770}
		{505A2AED-8E0B-4398-BE3C-C6D43A6A81D6} = {239B1328-BECA-4D5A-A5C0-5DB7C2C95770}
		{57038569-7FFE-40C0-A628-90DB34908398} = {239B1328-BECA-4D5A-A5C0-5DB7C2C95770}
		{81C53500-5A18-4DC9-B779-819689C95130} = {239B1328-BECA-4D5A-A5C0-5DB7C2C95770}
		{FAABAE57-9DD7-4B84-9F1D-F11B302E7ABB} = {AF409482-6397-490D-90D1-F600BCC6609A}
		{0ED35933-92BB-415B-8A8E-C9072C95B642} = {AF409482-6397-490D-90D1-F600BCC6609A}
	EndGlobalSection
	GlobalSection(ExtensibilityGlobals) = postSolution
		SolutionGuid = {A7A0128D-00FC-41B4-89A0-0EB5AE504067}
	EndGlobalSection
EndGlobal
