
Microsoft Visual Studio Solution File, Format Version 12.00
# Visual Studio 15
VisualStudioVersion = 15.0.27130.2036
MinimumVisualStudioVersion = 15.0.26124.0
Project("{2150E333-8FDC-42A3-9474-1A3956D46DE8}") = "src", "src", "{A261881D-97AE-4C22-A15A-D17B32300675}"
EndProject
Project("{2150E333-8FDC-42A3-9474-1A3956D46DE8}") = "test", "test", "{F1945BBB-C6C9-47F3-8EDB-669C41B35FFA}"
EndProject
Project("{9A19103F-16F7-4668-BE54-9A1E7A4F7556}") = "MQTT.NetStandard", "src\MQTT.Client.NetStandard\MQTT.NetStandard.csproj", "{A858A237-8EAF-4C0C-B4F3-14A1A36E8AC8}"
EndProject
Project("{2150E333-8FDC-42A3-9474-1A3956D46DE8}") = "build", "build", "{E94D0412-692F-4274-B261-E8124DBBCFA8}"
	ProjectSection(SolutionItems) = preProject
		build-release.cake = build-release.cake
		build.cake = build.cake
		README.md = README.md
	EndProjectSection
EndProject
Project("{9A19103F-16F7-4668-BE54-9A1E7A4F7556}") = "MQTT.XUnitTest", "test\MQTT.Client.XUnitTest\MQTT.XUnitTest.csproj", "{F61D53C3-B1F2-49DD-9F61-FECC7BBA6507}"
EndProject
Project("{9A19103F-16F7-4668-BE54-9A1E7A4F7556}") = "Cumulocity.SDK.MQTT", "src\Cumulocity.SDK.MQTT\Cumulocity.SDK.MQTT.csproj", "{423907C6-C569-4360-A501-FC2EE784D7E1}"
EndProject
Project("{9A19103F-16F7-4668-BE54-9A1E7A4F7556}") = "Cumulocity.SDK.MQTT.Tests", "test\Cumulocity.SDK.MQTT.Tests\Cumulocity.SDK.MQTT.Tests.csproj", "{48EA55D1-C3DE-42F3-8A44-45EC3D5EEAF3}"
EndProject
Project("{2150E333-8FDC-42A3-9474-1A3956D46DE8}") = "examples", "examples", "{8BE06300-97CB-4A9B-81EA-65AD4374D240}"
EndProject
Project("{9A19103F-16F7-4668-BE54-9A1E7A4F7556}") = "HelloJsonExample", "examples\HelloJsonExample\HelloJsonExample.csproj", "{1CC59AC8-766E-4A58-B293-FAC77B76BB95}"
EndProject
Project("{FAE04EC0-301F-11D3-BF4B-00C04F79EFBC}") = "HelloMqttNet", "examples\HelloMqttNet\HelloMqttNet.csproj", "{6FD13776-8906-470D-ADA9-E8D935FFA94E}"
EndProject
Global
	GlobalSection(SolutionConfigurationPlatforms) = preSolution
		Debug|Any CPU = Debug|Any CPU
		Debug|x64 = Debug|x64
		Debug|x86 = Debug|x86
		Release|Any CPU = Release|Any CPU
		Release|x64 = Release|x64
		Release|x86 = Release|x86
	EndGlobalSection
	GlobalSection(ProjectConfigurationPlatforms) = postSolution
		{A858A237-8EAF-4C0C-B4F3-14A1A36E8AC8}.Debug|Any CPU.ActiveCfg = Debug|Any CPU
		{A858A237-8EAF-4C0C-B4F3-14A1A36E8AC8}.Debug|Any CPU.Build.0 = Debug|Any CPU
		{A858A237-8EAF-4C0C-B4F3-14A1A36E8AC8}.Debug|x64.ActiveCfg = Debug|Any CPU
		{A858A237-8EAF-4C0C-B4F3-14A1A36E8AC8}.Debug|x64.Build.0 = Debug|Any CPU
		{A858A237-8EAF-4C0C-B4F3-14A1A36E8AC8}.Debug|x86.ActiveCfg = Debug|Any CPU
		{A858A237-8EAF-4C0C-B4F3-14A1A36E8AC8}.Debug|x86.Build.0 = Debug|Any CPU
		{A858A237-8EAF-4C0C-B4F3-14A1A36E8AC8}.Release|Any CPU.ActiveCfg = Release|Any CPU
		{A858A237-8EAF-4C0C-B4F3-14A1A36E8AC8}.Release|Any CPU.Build.0 = Release|Any CPU
		{A858A237-8EAF-4C0C-B4F3-14A1A36E8AC8}.Release|x64.ActiveCfg = Release|Any CPU
		{A858A237-8EAF-4C0C-B4F3-14A1A36E8AC8}.Release|x64.Build.0 = Release|Any CPU
		{A858A237-8EAF-4C0C-B4F3-14A1A36E8AC8}.Release|x86.ActiveCfg = Release|Any CPU
		{A858A237-8EAF-4C0C-B4F3-14A1A36E8AC8}.Release|x86.Build.0 = Release|Any CPU
		{F61D53C3-B1F2-49DD-9F61-FECC7BBA6507}.Debug|Any CPU.ActiveCfg = Debug|Any CPU
		{F61D53C3-B1F2-49DD-9F61-FECC7BBA6507}.Debug|Any CPU.Build.0 = Debug|Any CPU
		{F61D53C3-B1F2-49DD-9F61-FECC7BBA6507}.Debug|x64.ActiveCfg = Debug|Any CPU
		{F61D53C3-B1F2-49DD-9F61-FECC7BBA6507}.Debug|x64.Build.0 = Debug|Any CPU
		{F61D53C3-B1F2-49DD-9F61-FECC7BBA6507}.Debug|x86.ActiveCfg = Debug|Any CPU
		{F61D53C3-B1F2-49DD-9F61-FECC7BBA6507}.Debug|x86.Build.0 = Debug|Any CPU
		{F61D53C3-B1F2-49DD-9F61-FECC7BBA6507}.Release|Any CPU.ActiveCfg = Release|Any CPU
		{F61D53C3-B1F2-49DD-9F61-FECC7BBA6507}.Release|Any CPU.Build.0 = Release|Any CPU
		{F61D53C3-B1F2-49DD-9F61-FECC7BBA6507}.Release|x64.ActiveCfg = Release|Any CPU
		{F61D53C3-B1F2-49DD-9F61-FECC7BBA6507}.Release|x64.Build.0 = Release|Any CPU
		{F61D53C3-B1F2-49DD-9F61-FECC7BBA6507}.Release|x86.ActiveCfg = Release|Any CPU
		{F61D53C3-B1F2-49DD-9F61-FECC7BBA6507}.Release|x86.Build.0 = Release|Any CPU
		{423907C6-C569-4360-A501-FC2EE784D7E1}.Debug|Any CPU.ActiveCfg = Debug|Any CPU
		{423907C6-C569-4360-A501-FC2EE784D7E1}.Debug|Any CPU.Build.0 = Debug|Any CPU
		{423907C6-C569-4360-A501-FC2EE784D7E1}.Debug|x64.ActiveCfg = Debug|Any CPU
		{423907C6-C569-4360-A501-FC2EE784D7E1}.Debug|x64.Build.0 = Debug|Any CPU
		{423907C6-C569-4360-A501-FC2EE784D7E1}.Debug|x86.ActiveCfg = Debug|Any CPU
		{423907C6-C569-4360-A501-FC2EE784D7E1}.Debug|x86.Build.0 = Debug|Any CPU
		{423907C6-C569-4360-A501-FC2EE784D7E1}.Release|Any CPU.ActiveCfg = Release|Any CPU
		{423907C6-C569-4360-A501-FC2EE784D7E1}.Release|Any CPU.Build.0 = Release|Any CPU
		{423907C6-C569-4360-A501-FC2EE784D7E1}.Release|x64.ActiveCfg = Release|Any CPU
		{423907C6-C569-4360-A501-FC2EE784D7E1}.Release|x64.Build.0 = Release|Any CPU
		{423907C6-C569-4360-A501-FC2EE784D7E1}.Release|x86.ActiveCfg = Release|Any CPU
		{423907C6-C569-4360-A501-FC2EE784D7E1}.Release|x86.Build.0 = Release|Any CPU
		{48EA55D1-C3DE-42F3-8A44-45EC3D5EEAF3}.Debug|Any CPU.ActiveCfg = Debug|Any CPU
		{48EA55D1-C3DE-42F3-8A44-45EC3D5EEAF3}.Debug|Any CPU.Build.0 = Debug|Any CPU
		{48EA55D1-C3DE-42F3-8A44-45EC3D5EEAF3}.Debug|x64.ActiveCfg = Debug|Any CPU
		{48EA55D1-C3DE-42F3-8A44-45EC3D5EEAF3}.Debug|x64.Build.0 = Debug|Any CPU
		{48EA55D1-C3DE-42F3-8A44-45EC3D5EEAF3}.Debug|x86.ActiveCfg = Debug|Any CPU
		{48EA55D1-C3DE-42F3-8A44-45EC3D5EEAF3}.Debug|x86.Build.0 = Debug|Any CPU
		{48EA55D1-C3DE-42F3-8A44-45EC3D5EEAF3}.Release|Any CPU.ActiveCfg = Release|Any CPU
		{48EA55D1-C3DE-42F3-8A44-45EC3D5EEAF3}.Release|Any CPU.Build.0 = Release|Any CPU
		{48EA55D1-C3DE-42F3-8A44-45EC3D5EEAF3}.Release|x64.ActiveCfg = Release|Any CPU
		{48EA55D1-C3DE-42F3-8A44-45EC3D5EEAF3}.Release|x64.Build.0 = Release|Any CPU
		{48EA55D1-C3DE-42F3-8A44-45EC3D5EEAF3}.Release|x86.ActiveCfg = Release|Any CPU
		{48EA55D1-C3DE-42F3-8A44-45EC3D5EEAF3}.Release|x86.Build.0 = Release|Any CPU
		{1CC59AC8-766E-4A58-B293-FAC77B76BB95}.Debug|Any CPU.ActiveCfg = Debug|Any CPU
		{1CC59AC8-766E-4A58-B293-FAC77B76BB95}.Debug|Any CPU.Build.0 = Debug|Any CPU
		{1CC59AC8-766E-4A58-B293-FAC77B76BB95}.Debug|x64.ActiveCfg = Debug|Any CPU
		{1CC59AC8-766E-4A58-B293-FAC77B76BB95}.Debug|x64.Build.0 = Debug|Any CPU
		{1CC59AC8-766E-4A58-B293-FAC77B76BB95}.Debug|x86.ActiveCfg = Debug|Any CPU
		{1CC59AC8-766E-4A58-B293-FAC77B76BB95}.Debug|x86.Build.0 = Debug|Any CPU
		{1CC59AC8-766E-4A58-B293-FAC77B76BB95}.Release|Any CPU.ActiveCfg = Release|Any CPU
		{1CC59AC8-766E-4A58-B293-FAC77B76BB95}.Release|Any CPU.Build.0 = Release|Any CPU
		{1CC59AC8-766E-4A58-B293-FAC77B76BB95}.Release|x64.ActiveCfg = Release|Any CPU
		{1CC59AC8-766E-4A58-B293-FAC77B76BB95}.Release|x64.Build.0 = Release|Any CPU
		{1CC59AC8-766E-4A58-B293-FAC77B76BB95}.Release|x86.ActiveCfg = Release|Any CPU
		{1CC59AC8-766E-4A58-B293-FAC77B76BB95}.Release|x86.Build.0 = Release|Any CPU
		{6FD13776-8906-470D-ADA9-E8D935FFA94E}.Debug|Any CPU.ActiveCfg = Debug|Any CPU
		{6FD13776-8906-470D-ADA9-E8D935FFA94E}.Debug|Any CPU.Build.0 = Debug|Any CPU
		{6FD13776-8906-470D-ADA9-E8D935FFA94E}.Debug|x64.ActiveCfg = Debug|Any CPU
		{6FD13776-8906-470D-ADA9-E8D935FFA94E}.Debug|x64.Build.0 = Debug|Any CPU
		{6FD13776-8906-470D-ADA9-E8D935FFA94E}.Debug|x86.ActiveCfg = Debug|Any CPU
		{6FD13776-8906-470D-ADA9-E8D935FFA94E}.Debug|x86.Build.0 = Debug|Any CPU
		{6FD13776-8906-470D-ADA9-E8D935FFA94E}.Release|Any CPU.ActiveCfg = Release|Any CPU
		{6FD13776-8906-470D-ADA9-E8D935FFA94E}.Release|Any CPU.Build.0 = Release|Any CPU
		{6FD13776-8906-470D-ADA9-E8D935FFA94E}.Release|x64.ActiveCfg = Release|Any CPU
		{6FD13776-8906-470D-ADA9-E8D935FFA94E}.Release|x64.Build.0 = Release|Any CPU
		{6FD13776-8906-470D-ADA9-E8D935FFA94E}.Release|x86.ActiveCfg = Release|Any CPU
		{6FD13776-8906-470D-ADA9-E8D935FFA94E}.Release|x86.Build.0 = Release|Any CPU
	EndGlobalSection
	GlobalSection(SolutionProperties) = preSolution
		HideSolutionNode = FALSE
	EndGlobalSection
	GlobalSection(NestedProjects) = preSolution
		{A858A237-8EAF-4C0C-B4F3-14A1A36E8AC8} = {A261881D-97AE-4C22-A15A-D17B32300675}
		{F61D53C3-B1F2-49DD-9F61-FECC7BBA6507} = {F1945BBB-C6C9-47F3-8EDB-669C41B35FFA}
		{423907C6-C569-4360-A501-FC2EE784D7E1} = {A261881D-97AE-4C22-A15A-D17B32300675}
		{48EA55D1-C3DE-42F3-8A44-45EC3D5EEAF3} = {F1945BBB-C6C9-47F3-8EDB-669C41B35FFA}
		{1CC59AC8-766E-4A58-B293-FAC77B76BB95} = {8BE06300-97CB-4A9B-81EA-65AD4374D240}
		{6FD13776-8906-470D-ADA9-E8D935FFA94E} = {8BE06300-97CB-4A9B-81EA-65AD4374D240}
	EndGlobalSection
	GlobalSection(ExtensibilityGlobals) = postSolution
		SolutionGuid = {E0DC5597-A814-4157-B095-157DC5D30920}
	EndGlobalSection
EndGlobal
