
Microsoft Visual Studio Solution File, Format Version 12.00
# Visual Studio 15
VisualStudioVersion = 15.0.27130.2036
MinimumVisualStudioVersion = 10.0.40219.1
Project("{FAE04EC0-301F-11D3-BF4B-00C04F79EFBC}") = "AdvancedExample", "AdvancedExample\AdvancedExample.csproj", "{467B5927-F79E-4981-A93F-919731FCC2F5}"
EndProject
Project("{9A19103F-16F7-4668-BE54-9A1E7A4F7556}") = "MQTT.NetStandard", "..\..\src\MQTT.Client.NetStandard\MQTT.NetStandard.csproj", "{EDBB4812-2597-4D0C-BC67-A88E01455E17}"
EndProject
Global
	GlobalSection(SolutionConfigurationPlatforms) = preSolution
		Debug|Any CPU = Debug|Any CPU
		Release|Any CPU = Release|Any CPU
	EndGlobalSection
	GlobalSection(ProjectConfigurationPlatforms) = postSolution
		{467B5927-F79E-4981-A93F-919731FCC2F5}.Debug|Any CPU.ActiveCfg = Debug|Any CPU
		{467B5927-F79E-4981-A93F-919731FCC2F5}.Debug|Any CPU.Build.0 = Debug|Any CPU
		{467B5927-F79E-4981-A93F-919731FCC2F5}.Release|Any CPU.ActiveCfg = Release|Any CPU
		{467B5927-F79E-4981-A93F-919731FCC2F5}.Release|Any CPU.Build.0 = Release|Any CPU
		{EDBB4812-2597-4D0C-BC67-A88E01455E17}.Debug|Any CPU.ActiveCfg = Debug|Any CPU
		{EDBB4812-2597-4D0C-BC67-A88E01455E17}.Debug|Any CPU.Build.0 = Debug|Any CPU
		{EDBB4812-2597-4D0C-BC67-A88E01455E17}.Release|Any CPU.ActiveCfg = Release|Any CPU
		{EDBB4812-2597-4D0C-BC67-A88E01455E17}.Release|Any CPU.Build.0 = Release|Any CPU
	EndGlobalSection
	GlobalSection(SolutionProperties) = preSolution
		HideSolutionNode = FALSE
	EndGlobalSection
	GlobalSection(ExtensibilityGlobals) = postSolution
		SolutionGuid = {AB09B740-C894-4938-8E06-769F0B25EE61}
	EndGlobalSection
EndGlobal
